Microsoft Visual Studio Solution File, Format Version 12.00
# Visual Studio Version 17
VisualStudioVersion = 17.5.2.0
MinimumVisualStudioVersion = 10.0.40219.1
Project("{FAE04EC0-301F-11D3-BF4B-00C04F79EFBC}") = "BEmod2", "BEmod2.csproj", "{83040E86-E123-CE80-7530-EDC4C9A120AA}"
EndProject
Global
	GlobalSection(SolutionConfigurationPlatforms) = preSolution
		Debug|Any CPU = Debug|Any CPU
		Release|Any CPU = Release|Any CPU
	EndGlobalSection
	GlobalSection(ProjectConfigurationPlatforms) = postSolution
		{83040E86-E123-CE80-7530-EDC4C9A120AA}.Debug|Any CPU.ActiveCfg = Debug|Any CPU
		{83040E86-E123-CE80-7530-EDC4C9A120AA}.Debug|Any CPU.Build.0 = Debug|Any CPU
		{83040E86-E123-CE80-7530-EDC4C9A120AA}.Release|Any CPU.ActiveCfg = Release|Any CPU
		{83040E86-E123-CE80-7530-EDC4C9A120AA}.Release|Any CPU.Build.0 = Release|Any CPU
	EndGlobalSection
	GlobalSection(SolutionProperties) = preSolution
		HideSolutionNode = FALSE
	EndGlobalSection
	GlobalSection(ExtensibilityGlobals) = postSolution
		SolutionGuid = {2C520923-5246-4B9B-9C65-B40E780146C0}
	EndGlobalSection
EndGlobal
